
Microsoft Visual Studio Solution File, Format Version 12.00
# Visual Studio Version 17
VisualStudioVersion = 17.11.35327.3
MinimumVisualStudioVersion = 10.0.40219.1
Project("{FAE04EC0-301F-11D3-BF4B-00C04F79EFBC}") = "APIWebsiteKTX", "APIWebsiteKTX\APIWebsiteKTX.csproj", "{44BFAC25-F420-4B10-A4B7-8B6C1EFC9BA0}"
EndProject
Global
	GlobalSection(SolutionConfigurationPlatforms) = preSolution
		Debug|Any CPU = Debug|Any CPU
		Release|Any CPU = Release|Any CPU
	EndGlobalSection
	GlobalSection(ProjectConfigurationPlatforms) = postSolution
		{44BFAC25-F420-4B10-A4B7-8B6C1EFC9BA0}.Debug|Any CPU.ActiveCfg = Debug|Any CPU
		{44BFAC25-F420-4B10-A4B7-8B6C1EFC9BA0}.Debug|Any CPU.Build.0 = Debug|Any CPU
		{44BFAC25-F420-4B10-A4B7-8B6C1EFC9BA0}.Release|Any CPU.ActiveCfg = Release|Any CPU
		{44BFAC25-F420-4B10-A4B7-8B6C1EFC9BA0}.Release|Any CPU.Build.0 = Release|Any CPU
	EndGlobalSection
	GlobalSection(SolutionProperties) = preSolution
		HideSolutionNode = FALSE
	EndGlobalSection
	GlobalSection(ExtensibilityGlobals) = postSolution
		SolutionGuid = {4AA79EB1-B64C-4EBA-8B24-5A7E2A32A504}
	EndGlobalSection
EndGlobal
